
Microsoft Visual Studio Solution File, Format Version 12.00
# Visual Studio 15
VisualStudioVersion = 15.0.27130.2010
MinimumVisualStudioVersion = 10.0.40219.1
Project("{FAE04EC0-301F-11D3-BF4B-00C04F79EFBC}") = "BloodBot", "BloodBot.csproj", "{5819D456-7A2C-41C9-BFBF-66BFA4B48664}"
EndProject
Project("{FAE04EC0-301F-11D3-BF4B-00C04F79EFBC}") = "Bloodbot.Test", "Bloodbot.Test\Bloodbot.Test.csproj", "{0E569527-1ED0-4CE4-877A-D91725C6A989}"
EndProject
Global
	GlobalSection(SolutionConfigurationPlatforms) = preSolution
		Debug|Any CPU = Debug|Any CPU
		Release|Any CPU = Release|Any CPU
	EndGlobalSection
	GlobalSection(ProjectConfigurationPlatforms) = postSolution
		{5819D456-7A2C-41C9-BFBF-66BFA4B48664}.Debug|Any CPU.ActiveCfg = Debug|Any CPU
		{5819D456-7A2C-41C9-BFBF-66BFA4B48664}.Debug|Any CPU.Build.0 = Debug|Any CPU
		{5819D456-7A2C-41C9-BFBF-66BFA4B48664}.Release|Any CPU.ActiveCfg = Release|Any CPU
		{5819D456-7A2C-41C9-BFBF-66BFA4B48664}.Release|Any CPU.Build.0 = Release|Any CPU
		{0E569527-1ED0-4CE4-877A-D91725C6A989}.Debug|Any CPU.ActiveCfg = Debug|Any CPU
		{0E569527-1ED0-4CE4-877A-D91725C6A989}.Debug|Any CPU.Build.0 = Debug|Any CPU
		{0E569527-1ED0-4CE4-877A-D91725C6A989}.Release|Any CPU.ActiveCfg = Release|Any CPU
		{0E569527-1ED0-4CE4-877A-D91725C6A989}.Release|Any CPU.Build.0 = Release|Any CPU
	EndGlobalSection
	GlobalSection(SolutionProperties) = preSolution
		HideSolutionNode = FALSE
	EndGlobalSection
	GlobalSection(ExtensibilityGlobals) = postSolution
		SolutionGuid = {C619826C-EA65-493B-A7A1-BEDAF3FDDD49}
	EndGlobalSection
EndGlobal
